
Microsoft Visual Studio Solution File, Format Version 12.00
# Visual Studio Version 17
VisualStudioVersion = 17.0.32014.148
MinimumVisualStudioVersion = 10.0.40219.1
Project("{FAE04EC0-301F-11D3-BF4B-00C04F79EFBC}") = "Sauvegarde", "Sauvegarde.csproj", "{DC7B0FD4-2C99-4C4B-B791-F7B47DAED329}"
EndProject
Global
	GlobalSection(SolutionConfigurationPlatforms) = preSolution
		Debug|Any CPU = Debug|Any CPU
		Release|Any CPU = Release|Any CPU
	EndGlobalSection
	GlobalSection(ProjectConfigurationPlatforms) = postSolution
		{DC7B0FD4-2C99-4C4B-B791-F7B47DAED329}.Debug|Any CPU.ActiveCfg = Debug|Any CPU
		{DC7B0FD4-2C99-4C4B-B791-F7B47DAED329}.Debug|Any CPU.Build.0 = Debug|Any CPU
		{DC7B0FD4-2C99-4C4B-B791-F7B47DAED329}.Release|Any CPU.ActiveCfg = Release|Any CPU
		{DC7B0FD4-2C99-4C4B-B791-F7B47DAED329}.Release|Any CPU.Build.0 = Release|Any CPU
	EndGlobalSection
	GlobalSection(SolutionProperties) = preSolution
		HideSolutionNode = FALSE
	EndGlobalSection
	GlobalSection(ExtensibilityGlobals) = postSolution
		SolutionGuid = {371CF52A-1E4C-429E-9E56-B92E3FD61A90}
	EndGlobalSection
EndGlobal
